// !$*UTF8*$!
{
	archiveVersion = 1;
	classes = {
	};
	objectVersion = 56;
	objects = {

/* Begin PBXBuildFile section */
		9E495EBA2BC408F00093086B /* ContentView.swift in Sources */ = {isa = PBXBuildFile; fileRef = 9E495EB92BC408F00093086B /* ContentView.swift */; };
		9E941D462BBDB291002E5955 /* VideoEditorApp.swift in Sources */ = {isa = PBXBuildFile; fileRef = 9E941D452BBDB291002E5955 /* VideoEditorApp.swift */; };
		9E941D4A2BBDB294002E5955 /* Assets.xcassets in Resources */ = {isa = PBXBuildFile; fileRef = 9E941D492BBDB294002E5955 /* Assets.xcassets */; };
		9E941D4D2BBDB294002E5955 /* Preview Assets.xcassets in Resources */ = {isa = PBXBuildFile; fileRef = 9E941D4C2BBDB294002E5955 /* Preview Assets.xcassets */; };
		9E941D542BBDB2BF002E5955 /* ZoomableScrollView.swift in Sources */ = {isa = PBXBuildFile; fileRef = 9E941D532BBDB2BF002E5955 /* ZoomableScrollView.swift */; };
		9E941D562BBDB2E3002E5955 /* AnnotatableVideoPlayer.swift in Sources */ = {isa = PBXBuildFile; fileRef = 9E941D552BBDB2E3002E5955 /* AnnotatableVideoPlayer.swift */; };
		9E9B98202BC50653006DF811 /* ScreenCaptureButton.swift in Sources */ = {isa = PBXBuildFile; fileRef = 9E9B981F2BC50653006DF811 /* ScreenCaptureButton.swift */; };
		9E9B98222BC50904006DF811 /* FeedViewModel.swift in Sources */ = {isa = PBXBuildFile; fileRef = 9E9B98212BC50904006DF811 /* FeedViewModel.swift */; };
		9E9B98282BC544A9006DF811 /* VideoPlayerControls.swift in Sources */ = {isa = PBXBuildFile; fileRef = 9E9B98272BC544A9006DF811 /* VideoPlayerControls.swift */; };
		9E9B982A2BC560DE006DF811 /* Color+NamedColors.swift in Sources */ = {isa = PBXBuildFile; fileRef = 9E9B98292BC560DE006DF811 /* Color+NamedColors.swift */; };
/* End PBXBuildFile section */

/* Begin PBXFileReference section */
		9E495EB92BC408F00093086B /* ContentView.swift */ = {isa = PBXFileReference; lastKnownFileType = sourcecode.swift; path = ContentView.swift; sourceTree = "<group>"; };
		9E941D422BBDB291002E5955 /* VideoEditor.app */ = {isa = PBXFileReference; explicitFileType = wrapper.application; includeInIndex = 0; path = VideoEditor.app; sourceTree = BUILT_PRODUCTS_DIR; };
		9E941D452BBDB291002E5955 /* VideoEditorApp.swift */ = {isa = PBXFileReference; lastKnownFileType = sourcecode.swift; path = VideoEditorApp.swift; sourceTree = "<group>"; };
		9E941D492BBDB294002E5955 /* Assets.xcassets */ = {isa = PBXFileReference; lastKnownFileType = folder.assetcatalog; path = Assets.xcassets; sourceTree = "<group>"; };
		9E941D4C2BBDB294002E5955 /* Preview Assets.xcassets */ = {isa = PBXFileReference; lastKnownFileType = folder.assetcatalog; path = "Preview Assets.xcassets"; sourceTree = "<group>"; };
		9E941D532BBDB2BF002E5955 /* ZoomableScrollView.swift */ = {isa = PBXFileReference; lastKnownFileType = sourcecode.swift; path = ZoomableScrollView.swift; sourceTree = "<group>"; };
		9E941D552BBDB2E3002E5955 /* AnnotatableVideoPlayer.swift */ = {isa = PBXFileReference; lastKnownFileType = sourcecode.swift; path = AnnotatableVideoPlayer.swift; sourceTree = "<group>"; };
		9E9B981F2BC50653006DF811 /* ScreenCaptureButton.swift */ = {isa = PBXFileReference; lastKnownFileType = sourcecode.swift; path = ScreenCaptureButton.swift; sourceTree = "<group>"; };
		9E9B98212BC50904006DF811 /* FeedViewModel.swift */ = {isa = PBXFileReference; lastKnownFileType = sourcecode.swift; path = FeedViewModel.swift; sourceTree = "<group>"; };
		9E9B98272BC544A9006DF811 /* VideoPlayerControls.swift */ = {isa = PBXFileReference; lastKnownFileType = sourcecode.swift; path = VideoPlayerControls.swift; sourceTree = "<group>"; };
		9E9B98292BC560DE006DF811 /* Color+NamedColors.swift */ = {isa = PBXFileReference; lastKnownFileType = sourcecode.swift; path = "Color+NamedColors.swift"; sourceTree = "<group>"; };
/* End PBXFileReference section */

/* Begin PBXFrameworksBuildPhase section */
		9E941D3F2BBDB291002E5955 /* Frameworks */ = {
			isa = PBXFrameworksBuildPhase;
			buildActionMask = 2147483647;
			files = (
			);
			runOnlyForDeploymentPostprocessing = 0;
		};
/* End PBXFrameworksBuildPhase section */

/* Begin PBXGroup section */
		9E941D392BBDB291002E5955 = {
			isa = PBXGroup;
			children = (
				9E941D442BBDB291002E5955 /* VideoEditor */,
				9E941D432BBDB291002E5955 /* Products */,
			);
			sourceTree = "<group>";
		};
		9E941D432BBDB291002E5955 /* Products */ = {
			isa = PBXGroup;
			children = (
				9E941D422BBDB291002E5955 /* VideoEditor.app */,
			);
			name = Products;
			sourceTree = "<group>";
		};
		9E941D442BBDB291002E5955 /* VideoEditor */ = {
			isa = PBXGroup;
			children = (
				9E941D452BBDB291002E5955 /* VideoEditorApp.swift */,
				9E941D492BBDB294002E5955 /* Assets.xcassets */,
				9E941D4B2BBDB294002E5955 /* Preview Content */,
				9E941D532BBDB2BF002E5955 /* ZoomableScrollView.swift */,
				9E941D552BBDB2E3002E5955 /* AnnotatableVideoPlayer.swift */,
				9E495EB92BC408F00093086B /* ContentView.swift */,
				9E9B981F2BC50653006DF811 /* ScreenCaptureButton.swift */,
				9E9B98212BC50904006DF811 /* FeedViewModel.swift */,
				9E9B98272BC544A9006DF811 /* VideoPlayerControls.swift */,
				9E9B98292BC560DE006DF811 /* Color+NamedColors.swift */,
			);
			path = VideoEditor;
			sourceTree = "<group>";
		};
		9E941D4B2BBDB294002E5955 /* Preview Content */ = {
			isa = PBXGroup;
			children = (
				9E941D4C2BBDB294002E5955 /* Preview Assets.xcassets */,
			);
			path = "Preview Content";
			sourceTree = "<group>";
		};
/* End PBXGroup section */

/* Begin PBXNativeTarget section */
		9E941D412BBDB291002E5955 /* VideoEditor */ = {
			isa = PBXNativeTarget;
			buildConfigurationList = 9E941D502BBDB294002E5955 /* Build configuration list for PBXNativeTarget "VideoEditor" */;
			buildPhases = (
				9E941D3E2BBDB291002E5955 /* Sources */,
				9E941D3F2BBDB291002E5955 /* Frameworks */,
				9E941D402BBDB291002E5955 /* Resources */,
			);
			buildRules = (
			);
			dependencies = (
			);
			name = VideoEditor;
			productName = VideoEditor;
			productReference = 9E941D422BBDB291002E5955 /* VideoEditor.app */;
			productType = "com.apple.product-type.application";
		};
/* End PBXNativeTarget section */

/* Begin PBXProject section */
		9E941D3A2BBDB291002E5955 /* Project object */ = {
			isa = PBXProject;
			attributes = {
				BuildIndependentTargetsInParallel = 1;
				LastSwiftUpdateCheck = 1520;
				LastUpgradeCheck = 1520;
				TargetAttributes = {
					9E941D412BBDB291002E5955 = {
						CreatedOnToolsVersion = 15.2;
					};
				};
			};
			buildConfigurationList = 9E941D3D2BBDB291002E5955 /* Build configuration list for PBXProject "VideoEditor" */;
			compatibilityVersion = "Xcode 14.0";
			developmentRegion = en;
			hasScannedForEncodings = 0;
			knownRegions = (
				en,
				Base,
			);
			mainGroup = 9E941D392BBDB291002E5955;
			productRefGroup = 9E941D432BBDB291002E5955 /* Products */;
			projectDirPath = "";
			projectRoot = "";
			targets = (
				9E941D412BBDB291002E5955 /* VideoEditor */,
			);
		};
/* End PBXProject section */

/* Begin PBXResourcesBuildPhase section */
		9E941D402BBDB291002E5955 /* Resources */ = {
			isa = PBXResourcesBuildPhase;
			buildActionMask = 2147483647;
			files = (
				9E941D4D2BBDB294002E5955 /* Preview Assets.xcassets in Resources */,
				9E941D4A2BBDB294002E5955 /* Assets.xcassets in Resources */,
			);
			runOnlyForDeploymentPostprocessing = 0;
		};
/* End PBXResourcesBuildPhase section */

/* Begin PBXSourcesBuildPhase section */
		9E941D3E2BBDB291002E5955 /* Sources */ = {
			isa = PBXSourcesBuildPhase;
			buildActionMask = 2147483647;
			files = (
				9E9B98202BC50653006DF811 /* ScreenCaptureButton.swift in Sources */,
				9E941D542BBDB2BF002E5955 /* ZoomableScrollView.swift in Sources */,
				9E9B98222BC50904006DF811 /* FeedViewModel.swift in Sources */,
				9E9B982A2BC560DE006DF811 /* Color+NamedColors.swift in Sources */,
				9E9B98282BC544A9006DF811 /* VideoPlayerControls.swift in Sources */,
				9E941D462BBDB291002E5955 /* VideoEditorApp.swift in Sources */,
				9E495EBA2BC408F00093086B /* ContentView.swift in Sources */,
				9E941D562BBDB2E3002E5955 /* AnnotatableVideoPlayer.swift in Sources */,
			);
			runOnlyForDeploymentPostprocessing = 0;
		};
/* End PBXSourcesBuildPhase section */

/* Begin XCBuildConfiguration section */
		9E941D4E2BBDB294002E5955 /* Debug */ = {
			isa = XCBuildConfiguration;
			buildSettings = {
				ALWAYS_SEARCH_USER_PATHS = NO;
				ASSETCATALOG_COMPILER_GENERATE_SWIFT_ASSET_SYMBOL_EXTENSIONS = YES;
				CLANG_ANALYZER_NONNULL = YES;
				CLANG_ANALYZER_NUMBER_OBJECT_CONVERSION = YES_AGGRESSIVE;
				CLANG_CXX_LANGUAGE_STANDARD = "gnu++20";
				CLANG_ENABLE_MODULES = YES;
				CLANG_ENABLE_OBJC_ARC = YES;
				CLANG_ENABLE_OBJC_WEAK = YES;
				CLANG_WARN_BLOCK_CAPTURE_AUTORELEASING = YES;
				CLANG_WARN_BOOL_CONVERSION = YES;
				CLANG_WARN_COMMA = YES;
				CLANG_WARN_CONSTANT_CONVERSION = YES;
				CLANG_WARN_DEPRECATED_OBJC_IMPLEMENTATIONS = YES;
				CLANG_WARN_DIRECT_OBJC_ISA_USAGE = YES_ERROR;
				CLANG_WARN_DOCUMENTATION_COMMENTS = YES;
				CLANG_WARN_EMPTY_BODY = YES;
				CLANG_WARN_ENUM_CONVERSION = YES;
				CLANG_WARN_INFINITE_RECURSION = YES;
				CLANG_WARN_INT_CONVERSION = YES;
				CLANG_WARN_NON_LITERAL_NULL_CONVERSION = YES;
				CLANG_WARN_OBJC_IMPLICIT_RETAIN_SELF = YES;
				CLANG_WARN_OBJC_LITERAL_CONVERSION = YES;
				CLANG_WARN_OBJC_ROOT_CLASS = YES_ERROR;
				CLANG_WARN_QUOTED_INCLUDE_IN_FRAMEWORK_HEADER = YES;
				CLANG_WARN_RANGE_LOOP_ANALYSIS = YES;
				CLANG_WARN_STRICT_PROTOTYPES = YES;
				CLANG_WARN_SUSPICIOUS_MOVE = YES;
				CLANG_WARN_UNGUARDED_AVAILABILITY = YES_AGGRESSIVE;
				CLANG_WARN_UNREACHABLE_CODE = YES;
				CLANG_WARN__DUPLICATE_METHOD_MATCH = YES;
				COPY_PHASE_STRIP = NO;
				DEBUG_INFORMATION_FORMAT = dwarf;
				ENABLE_STRICT_OBJC_MSGSEND = YES;
				ENABLE_TESTABILITY = YES;
				ENABLE_USER_SCRIPT_SANDBOXING = YES;
				GCC_C_LANGUAGE_STANDARD = gnu17;
				GCC_DYNAMIC_NO_PIC = NO;
				GCC_NO_COMMON_BLOCKS = YES;
				GCC_OPTIMIZATION_LEVEL = 0;
				GCC_PREPROCESSOR_DEFINITIONS = (
					"DEBUG=1",
					"$(inherited)",
				);
				GCC_WARN_64_TO_32_BIT_CONVERSION = YES;
				GCC_WARN_ABOUT_RETURN_TYPE = YES_ERROR;
				GCC_WARN_UNDECLARED_SELECTOR = YES;
				GCC_WARN_UNINITIALIZED_AUTOS = YES_AGGRESSIVE;
				GCC_WARN_UNUSED_FUNCTION = YES;
				GCC_WARN_UNUSED_VARIABLE = YES;
				IPHONEOS_DEPLOYMENT_TARGET = 17.2;
				LOCALIZATION_PREFERS_STRING_CATALOGS = YES;
				MTL_ENABLE_DEBUG_INFO = INCLUDE_SOURCE;
				MTL_FAST_MATH = YES;
				ONLY_ACTIVE_ARCH = YES;
				SDKROOT = iphoneos;
				SWIFT_ACTIVE_COMPILATION_CONDITIONS = "DEBUG $(inherited)";
				SWIFT_OPTIMIZATION_LEVEL = "-Onone";
			};
			name = Debug;
		};
		9E941D4F2BBDB294002E5955 /* Release */ = {
			isa = XCBuildConfiguration;
			buildSettings = {
				ALWAYS_SEARCH_USER_PATHS = NO;
				ASSETCATALOG_COMPILER_GENERATE_SWIFT_ASSET_SYMBOL_EXTENSIONS = YES;
				CLANG_ANALYZER_NONNULL = YES;
				CLANG_ANALYZER_NUMBER_OBJECT_CONVERSION = YES_AGGRESSIVE;
				CLANG_CXX_LANGUAGE_STANDARD = "gnu++20";
				CLANG_ENABLE_MODULES = YES;
				CLANG_ENABLE_OBJC_ARC = YES;
				CLANG_ENABLE_OBJC_WEAK = YES;
				CLANG_WARN_BLOCK_CAPTURE_AUTORELEASING = YES;
				CLANG_WARN_BOOL_CONVERSION = YES;
				CLANG_WARN_COMMA = YES;
				CLANG_WARN_CONSTANT_CONVERSION = YES;
				CLANG_WARN_DEPRECATED_OBJC_IMPLEMENTATIONS = YES;
				CLANG_WARN_DIRECT_OBJC_ISA_USAGE = YES_ERROR;
				CLANG_WARN_DOCUMENTATION_COMMENTS = YES;
				CLANG_WARN_EMPTY_BODY = YES;
				CLANG_WARN_ENUM_CONVERSION = YES;
				CLANG_WARN_INFINITE_RECURSION = YES;
				CLANG_WARN_INT_CONVERSION = YES;
				CLANG_WARN_NON_LITERAL_NULL_CONVERSION = YES;
				CLANG_WARN_OBJC_IMPLICIT_RETAIN_SELF = YES;
				CLANG_WARN_OBJC_LITERAL_CONVERSION = YES;
				CLANG_WARN_OBJC_ROOT_CLASS = YES_ERROR;
				CLANG_WARN_QUOTED_INCLUDE_IN_FRAMEWORK_HEADER = YES;
				CLANG_WARN_RANGE_LOOP_ANALYSIS = YES;
				CLANG_WARN_STRICT_PROTOTYPES = YES;
				CLANG_WARN_SUSPICIOUS_MOVE = YES;
				CLANG_WARN_UNGUARDED_AVAILABILITY = YES_AGGRESSIVE;
				CLANG_WARN_UNREACHABLE_CODE = YES;
				CLANG_WARN__DUPLICATE_METHOD_MATCH = YES;
				COPY_PHASE_STRIP = NO;
				DEBUG_INFORMATION_FORMAT = "dwarf-with-dsym";
				ENABLE_NS_ASSERTIONS = NO;
				ENABLE_STRICT_OBJC_MSGSEND = YES;
				ENABLE_USER_SCRIPT_SANDBOXING = YES;
				GCC_C_LANGUAGE_STANDARD = gnu17;
				GCC_NO_COMMON_BLOCKS = YES;
				GCC_WARN_64_TO_32_BIT_CONVERSION = YES;
				GCC_WARN_ABOUT_RETURN_TYPE = YES_ERROR;
				GCC_WARN_UNDECLARED_SELECTOR = YES;
				GCC_WARN_UNINITIALIZED_AUTOS = YES_AGGRESSIVE;
				GCC_WARN_UNUSED_FUNCTION = YES;
				GCC_WARN_UNUSED_VARIABLE = YES;
				IPHONEOS_DEPLOYMENT_TARGET = 17.2;
				LOCALIZATION_PREFERS_STRING_CATALOGS = YES;
				MTL_ENABLE_DEBUG_INFO = NO;
				MTL_FAST_MATH = YES;
				SDKROOT = iphoneos;
				SWIFT_COMPILATION_MODE = wholemodule;
				VALIDATE_PRODUCT = YES;
			};
			name = Release;
		};
		9E941D512BBDB294002E5955 /* Debug */ = {
			isa = XCBuildConfiguration;
			buildSettings = {
				ASSETCATALOG_COMPILER_APPICON_NAME = AppIcon;
				ASSETCATALOG_COMPILER_GLOBAL_ACCENT_COLOR_NAME = AccentColor;
				CODE_SIGN_STYLE = Automatic;
				CURRENT_PROJECT_VERSION = 1;
				DEVELOPMENT_ASSET_PATHS = "\"VideoEditor/Preview Content\"";
				DEVELOPMENT_TEAM = 73554B5795;
				ENABLE_PREVIEWS = YES;
				GENERATE_INFOPLIST_FILE = YES;
				INFOPLIST_KEY_NSCameraUsageDescription = "We need your permission to take photos and videos.";
				INFOPLIST_KEY_NSPhotoLibraryUsageDescription = "We'll save your screen capture to Photos.";
				INFOPLIST_KEY_UIApplicationSceneManifest_Generation = YES;
				INFOPLIST_KEY_UIApplicationSupportsIndirectInputEvents = YES;
				INFOPLIST_KEY_UILaunchScreen_Generation = YES;
				INFOPLIST_KEY_UISupportedInterfaceOrientations_iPad = "UIInterfaceOrientationPortrait UIInterfaceOrientationPortraitUpsideDown UIInterfaceOrientationLandscapeLeft UIInterfaceOrientationLandscapeRight";
				INFOPLIST_KEY_UISupportedInterfaceOrientations_iPhone = "UIInterfaceOrientationPortrait UIInterfaceOrientationLandscapeLeft UIInterfaceOrientationLandscapeRight";
				IPHONEOS_DEPLOYMENT_TARGET = 16.0;
				LD_RUNPATH_SEARCH_PATHS = (
					"$(inherited)",
					"@executable_path/Frameworks",
				);
				MARKETING_VERSION = 1.0;
				PRODUCT_BUNDLE_IDENTIFIER = com.AttackTee.cizo.VideoEditor;
				PRODUCT_NAME = "$(TARGET_NAME)";
				SWIFT_EMIT_LOC_STRINGS = YES;
				SWIFT_VERSION = 5.0;
				TARGETED_DEVICE_FAMILY = "1,2";
			};
			name = Debug;
		};
		9E941D522BBDB294002E5955 /* Release */ = {
			isa = XCBuildConfiguration;
			buildSettings = {
				ASSETCATALOG_COMPILER_APPICON_NAME = AppIcon;
				ASSETCATALOG_COMPILER_GLOBAL_ACCENT_COLOR_NAME = AccentColor;
				CODE_SIGN_STYLE = Automatic;
				CURRENT_PROJECT_VERSION = 1;
				DEVELOPMENT_ASSET_PATHS = "\"VideoEditor/Preview Content\"";
				DEVELOPMENT_TEAM = 73554B5795;
				ENABLE_PREVIEWS = YES;
				GENERATE_INFOPLIST_FILE = YES;
				INFOPLIST_KEY_NSCameraUsageDescription = "We need your permission to take photos and videos.";
				INFOPLIST_KEY_NSPhotoLibraryUsageDescription = "We'll save your screen capture to Photos.";
				INFOPLIST_KEY_UIApplicationSceneManifest_Generation = YES;
				INFOPLIST_KEY_UIApplicationSupportsIndirectInputEvents = YES;
				INFOPLIST_KEY_UILaunchScreen_Generation = YES;
				INFOPLIST_KEY_UISupportedInterfaceOrientations_iPad = "UIInterfaceOrientationPortrait UIInterfaceOrientationPortraitUpsideDown UIInterfaceOrientationLandscapeLeft UIInterfaceOrientationLandscapeRight";
				INFOPLIST_KEY_UISupportedInterfaceOrientations_iPhone = "UIInterfaceOrientationPortrait UIInterfaceOrientationLandscapeLeft UIInterfaceOrientationLandscapeRight";
				IPHONEOS_DEPLOYMENT_TARGET = 16.0;
				LD_RUNPATH_SEARCH_PATHS = (
					"$(inherited)",
					"@executable_path/Frameworks",
				);
				MARKETING_VERSION = 1.0;
				PRODUCT_BUNDLE_IDENTIFIER = com.AttackTee.cizo.VideoEditor;
				PRODUCT_NAME = "$(TARGET_NAME)";
				SWIFT_EMIT_LOC_STRINGS = YES;
				SWIFT_VERSION = 5.0;
				TARGETED_DEVICE_FAMILY = "1,2";
			};
			name = Release;
		};
/* End XCBuildConfiguration section */

/* Begin XCConfigurationList section */
		9E941D3D2BBDB291002E5955 /* Build configuration list for PBXProject "VideoEditor" */ = {
			isa = XCConfigurationList;
			buildConfigurations = (
				9E941D4E2BBDB294002E5955 /* Debug */,
				9E941D4F2BBDB294002E5955 /* Release */,
			);
			defaultConfigurationIsVisible = 0;
			defaultConfigurationName = Release;
		};
		9E941D502BBDB294002E5955 /* Build configuration list for PBXNativeTarget "VideoEditor" */ = {
			isa = XCConfigurationList;
			buildConfigurations = (
				9E941D512BBDB294002E5955 /* Debug */,
				9E941D522BBDB294002E5955 /* Release */,
			);
			defaultConfigurationIsVisible = 0;
			defaultConfigurationName = Release;
		};
/* End XCConfigurationList section */
	};
	rootObject = 9E941D3A2BBDB291002E5955 /* Project object */;
}
